# THIS IS AN AUTOGENERATED FILE. DO NOT EDIT THIS FILE DIRECTLY.
# yarn lockfile v1


"@tokel/bitgo-komodo-cc-lib@0.1.39":
  version "0.1.39"
  resolved "https://registry.yarnpkg.com/@tokel/bitgo-komodo-cc-lib/-/bitgo-komodo-cc-lib-0.1.39.tgz#9f672aa01578830b118d534b126a6f2ada6194e6"
  integrity sha512-zX2oa7kne/gk8LZbUzZIOa0+9mfsAWZSkWIPz9ERpXYIO5o5t1qdk7jq1nIPqkE5ZjY9irP1FHR9l1Ch/hL3QA==
  dependencies:
    "@tokel/cryptoconditions" "0.1.0"
    bech32 "0.0.3"
    bigi "1.4.2"
    bip39 "^2.3.0"
    bip66 "^1.1.0"
    bitcoin-merkle-proof "^0.1.0"
    bitcoin-ops "^1.3.0"
    bitcoin-protocol "^4.1.3"
    bitcoin-util "^2.0.0"
    bitcoind-rpc "^0.8.1"
    blake2b "git+https://github.com/BitGo/blake2b.git#6268e6dd678661e0acc4359e9171b97eb1ebf8ac"
    bs58check "2.1.2"
    bufferutil "^4.0.3"
    create-hash "^1.1.0"
    create-hmac "^1.1.3"
    debug "~3.1.0"
    ecurve "^1.0.0"
    envify "^4.1.0"
    event-cleanup "^1.0.3"
    get-browser-rtc "^1.0.2"
    merkle-lib "^2.0.10"
    object-assign "^4.1.0"
    old "^0.1.3"
    once "^1.3.3"
    pushdata-bitcoin "^1.0.1"
    randombytes "^2.0.1"
    safe-buffer "^5.2.1"
    secp256k1 "^3.5.2"
    setimmediate "^1.0.4"
    sha.js "2.4.11"
    through2 "^2.0.1"
    typeforce "^1.11.3"
    utf-8-validate "^5.0.5"
    varuint-bitcoin "^1.0.4"
    webassembly "0.9.0"
    websocket-stream "^3.3.0"
    wif "^2.0.1"

"@tokel/cryptoconditions@0.1.0":
  version "0.1.0"
  resolved "https://registry.yarnpkg.com/@tokel/cryptoconditions/-/cryptoconditions-0.1.0.tgz#ec60dacd9f9b6dbf9948931b53ead562cbb690df"
  integrity sha512-0B4UGt0SkBh+puJ4scqEtZuLwJ5d8QBOw8xchEr1IlZ2WYrTdNUIvt2alNkQoKli7yzv3Ngfk+4JWB1nIOUo2Q==

axios@0.21.4:
  version "0.21.4"
  resolved "https://registry.yarnpkg.com/axios/-/axios-0.21.4.tgz#c67b90dc0568e5c1cf2b0b858c43ba28e2eda575"
  integrity sha512-ut5vewkiu8jjGBdqpM44XxjuCjq9LAKeHVmoVfHVzy8eHgxxq8SbAVQNovDA8mVi05kP0Ea/n/UzcSHcTJQfNg==
  dependencies:
    follow-redirects "^1.14.0"

base-x@^3.0.2:
  version "3.0.8"
  resolved "https://registry.yarnpkg.com/base-x/-/base-x-3.0.8.tgz#1e1106c2537f0162e8b52474a557ebb09000018d"
  integrity sha512-Rl/1AWP4J/zRrk54hhlxH4drNxPJXYUaKffODVI53/dAsV4t9fBxyxYKAVPU1XBHxYwOWP9h9H0hM2MVw4YfJA==
  dependencies:
    safe-buffer "^5.0.1"

bech32@0.0.3:
  version "0.0.3"
  resolved "https://registry.yarnpkg.com/bech32/-/bech32-0.0.3.tgz#736747c4a6531c5d8937d0400498de30e93b2f9c"
  integrity sha512-O+K1w8P/aAOLcYwwQ4sbiPYZ51ZIW95lnS4/6nE8Aib/z+OOddQIIPdu2qi94qGDp4HhYy/wJotttXKkak1lXg==

big.js@^3.1.3:
  version "3.2.0"
  resolved "https://registry.yarnpkg.com/big.js/-/big.js-3.2.0.tgz#a5fc298b81b9e0dca2e458824784b65c52ba588e"
  integrity sha512-+hN/Zh2D08Mx65pZ/4g5bsmNiZUuChDiQfTUQ7qJr4/kuopCr88xZsAXv6mBoZEsUI4OuGHlX59qE94K2mMW8Q==

bigi@1.4.2, bigi@^1.1.0:
  version "1.4.2"
  resolved "https://registry.yarnpkg.com/bigi/-/bigi-1.4.2.tgz#9c665a95f88b8b08fc05cfd731f561859d725825"
  integrity sha1-nGZalfiLiwj8Bc/XMfVhhZ1yWCU=

bindings@^1.5.0:
  version "1.5.0"
  resolved "https://registry.yarnpkg.com/bindings/-/bindings-1.5.0.tgz#10353c9e945334bc0511a6d90b38fbc7c9c504df"
  integrity sha512-p2q/t/mhvuOj/UeLlV6566GD/guowlr0hHxClI0W9m7MWYkL1F0hLo+0Aexs9HSPCtR1SXQ0TD3MMKrXZajbiQ==
  dependencies:
    file-uri-to-path "1.0.0"

bip39@^2.3.0:
  version "2.6.0"
  resolved "https://registry.yarnpkg.com/bip39/-/bip39-2.6.0.tgz#9e3a720b42ec8b3fbe4038f1e445317b6a99321c"
  integrity sha512-RrnQRG2EgEoqO24ea+Q/fftuPUZLmrEM3qNhhGsA3PbaXaCW791LTzPuVyx/VprXQcTbPJ3K3UeTna8ZnVl2sg==
  dependencies:
    create-hash "^1.1.0"
    pbkdf2 "^3.0.9"
    randombytes "^2.0.1"
    safe-buffer "^5.0.1"
    unorm "^1.3.3"

bip66@^1.1.0, bip66@^1.1.5:
  version "1.1.5"
  resolved "https://registry.yarnpkg.com/bip66/-/bip66-1.1.5.tgz#01fa8748785ca70955d5011217d1b3139969ca22"
  integrity sha1-AfqHSHhcpwlV1QESF9GzE5lpyiI=
  dependencies:
    safe-buffer "^5.0.1"

bitcoin-merkle-proof@^0.1.0:
  version "0.1.0"
  resolved "https://registry.yarnpkg.com/bitcoin-merkle-proof/-/bitcoin-merkle-proof-0.1.0.tgz#72c06a9cd5b01296b465cca34116b85a04a4f091"
  integrity sha1-csBqnNWwEpa0ZcyjQRa4WgSk8JE=
  dependencies:
    create-hash "^1.1.2"

bitcoin-ops@^1.3.0:
  version "1.4.1"
  resolved "https://registry.yarnpkg.com/bitcoin-ops/-/bitcoin-ops-1.4.1.tgz#e45de620398e22fd4ca6023de43974ff42240278"
  integrity sha512-pef6gxZFztEhaE9RY9HmWVmiIHqCb2OyS4HPKkpc6CIiiOa3Qmuoylxc5P2EkU3w+5eTSifI9SEZC88idAIGow==

bitcoin-protocol@^4.1.3:
  version "4.1.3"
  resolved "https://registry.yarnpkg.com/bitcoin-protocol/-/bitcoin-protocol-4.1.3.tgz#b9177bc60c349eb4884520c7ecaa19314516b8de"
  integrity sha512-rCy8WHLSNI9yixsjkAe+Mp3y4+uZIy8rm2tI8ktJLKlvmAWt1JBuTAV4St30vRBHS33pKsQEBaUs+Bf3+GEJ2g==
  dependencies:
    bl "^1.0.1"
    create-hash "^1.1.2"
    ip "^1.1.0"
    through2 "^2.0.0"
    varstruct "^5.2.0"
    varuint-bitcoin "^1.0.1"

bitcoin-util@^2.0.0:
  version "2.0.3"
  resolved "https://registry.yarnpkg.com/bitcoin-util/-/bitcoin-util-2.0.3.tgz#d9c8fb669a9c80b5d05555353852ada370714480"
  integrity sha1-2cj7ZpqcgLXQVVU1OFKto3BxRIA=
  dependencies:
    bn.js "^4.6.4"
    buffer-reverse "^1.0.1"

bitcoind-rpc@^0.8.1:
  version "0.8.1"
  resolved "https://registry.yarnpkg.com/bitcoind-rpc/-/bitcoind-rpc-0.8.1.tgz#11889972e46c346870d26cf680e3a7e3e52b1ff1"
  integrity sha512-NfhykAT/x/P1SOiog8UzltvTiv6A6d2X5VWJ3UjGeAqFLXv+IYHy+E4fFCBmgQRyIb1EIcyIZK1SVpSOGRHsaw==

bl@^1.0.1:
  version "1.2.3"
  resolved "https://registry.yarnpkg.com/bl/-/bl-1.2.3.tgz#1e8dd80142eac80d7158c9dccc047fb620e035e7"
  integrity sha512-pvcNpa0UU69UT341rO6AYy4FVAIkUHuZXRIWbq+zHnsVcRzDDjIAhGuuYoi0d//cwIwtt4pkpKycWEfjdV+vww==
  dependencies:
    readable-stream "^2.3.5"
    safe-buffer "^5.1.1"

"blake2b-wasm@https://github.com/BitGo/blake2b-wasm#193cdb71656c1a6c7f89b05d0327bb9b758d071b":
  version "2.0.0"
  resolved "https://github.com/BitGo/blake2b-wasm#193cdb71656c1a6c7f89b05d0327bb9b758d071b"
  dependencies:
    nanoassert "^1.0.0"

"blake2b@git+https://github.com/BitGo/blake2b.git#6268e6dd678661e0acc4359e9171b97eb1ebf8ac":
  version "2.1.3"
  resolved "git+https://github.com/BitGo/blake2b.git#6268e6dd678661e0acc4359e9171b97eb1ebf8ac"
  dependencies:
    blake2b-wasm "https://github.com/BitGo/blake2b-wasm#193cdb71656c1a6c7f89b05d0327bb9b758d071b"
    nanoassert "^1.0.0"

bn.js@^4.11.8, bn.js@^4.11.9, bn.js@^4.6.4:
  version "4.12.0"
  resolved "https://registry.yarnpkg.com/bn.js/-/bn.js-4.12.0.tgz#775b3f278efbb9718eec7361f483fb36fbbfea88"
  integrity sha512-c98Bf3tPniI+scsdk237ku1Dc3ujXQTSgyiPUDEOe7tRkhrqridvh8klBv0HCEso1OLOYcHuCv/cS6DNxKH+ZA==

brorand@^1.1.0:
  version "1.1.0"
  resolved "https://registry.yarnpkg.com/brorand/-/brorand-1.1.0.tgz#12c25efe40a45e3c323eb8675a0a0ce57b22371f"
  integrity sha1-EsJe/kCkXjwyPrhnWgoM5XsiNx8=

browserify-aes@^1.0.6:
  version "1.2.0"
  resolved "https://registry.yarnpkg.com/browserify-aes/-/browserify-aes-1.2.0.tgz#326734642f403dabc3003209853bb70ad428ef48"
  integrity sha512-+7CHXqGuspUn/Sl5aO7Ea0xWGAtETPXNSAjHo48JfLdPWcMng33Xe4znFvQweqc/uzk5zSOI3H52CYnjCfb5hA==
  dependencies:
    buffer-xor "^1.0.3"
    cipher-base "^1.0.0"
    create-hash "^1.1.0"
    evp_bytestokey "^1.0.3"
    inherits "^2.0.1"
    safe-buffer "^5.0.1"

bs58@^4.0.0:
  version "4.0.1"
  resolved "https://registry.yarnpkg.com/bs58/-/bs58-4.0.1.tgz#be161e76c354f6f788ae4071f63f34e8c4f0a42a"
  integrity sha1-vhYedsNU9veIrkBx9j806MTwpCo=
  dependencies:
    base-x "^3.0.2"

bs58check@2.1.2, bs58check@<3.0.0:
  version "2.1.2"
  resolved "https://registry.yarnpkg.com/bs58check/-/bs58check-2.1.2.tgz#53b018291228d82a5aa08e7d796fdafda54aebfc"
  integrity sha512-0TS1jicxdU09dwJMNZtVAfzPi6Q6QeN0pM1Fkzrjn+XYHvzMKPU3pHVpva+769iNVSfIYWf7LJ6WR+BuuMf8cA==
  dependencies:
    bs58 "^4.0.0"
    create-hash "^1.1.0"
    safe-buffer "^5.1.2"

buffer-reverse@^1.0.1:
  version "1.0.1"
  resolved "https://registry.yarnpkg.com/buffer-reverse/-/buffer-reverse-1.0.1.tgz#49283c8efa6f901bc01fa3304d06027971ae2f60"
  integrity sha1-SSg8jvpvkBvAH6MwTQYCeXGuL2A=

buffer-xor@^1.0.3:
  version "1.0.3"
  resolved "https://registry.yarnpkg.com/buffer-xor/-/buffer-xor-1.0.3.tgz#26e61ed1422fb70dd42e6e36729ed51d855fe8d9"
  integrity sha1-JuYe0UIvtw3ULm42cp7VHYVf6Nk=

bufferutil@^4.0.3:
  version "4.0.3"
  resolved "https://registry.yarnpkg.com/bufferutil/-/bufferutil-4.0.3.tgz#66724b756bed23cd7c28c4d306d7994f9943cc6b"
  integrity sha512-yEYTwGndELGvfXsImMBLop58eaGW+YdONi1fNjTINSY98tmMmFijBG6WXgdkfuLNt4imzQNtIE+eBp1PVpMCSw==
  dependencies:
    node-gyp-build "^4.2.0"

cipher-base@^1.0.0, cipher-base@^1.0.1, cipher-base@^1.0.3:
  version "1.0.4"
  resolved "https://registry.yarnpkg.com/cipher-base/-/cipher-base-1.0.4.tgz#8760e4ecc272f4c363532f926d874aae2c1397de"
  integrity sha512-Kkht5ye6ZGmwv40uUDZztayT2ThLQGfnj/T71N/XzeZeo3nf8foyW7zGTsPYkEya3m5f3cAypH+qe7YOrM1U2Q==
  dependencies:
    inherits "^2.0.1"
    safe-buffer "^5.0.1"

core-util-is@~1.0.0:
  version "1.0.3"
  resolved "https://registry.yarnpkg.com/core-util-is/-/core-util-is-1.0.3.tgz#a6042d3634c2b27e9328f837b965fac83808db85"
  integrity sha512-ZQBvi1DcpJ4GDqanjucZ2Hj3wEO5pZDS89BWbkcrvdxksJorwUDDZamX9ldFkp9aw2lmBDLgkObEA4DWNJ9FYQ==

create-hash@^1.1.0, create-hash@^1.1.2, create-hash@^1.2.0:
  version "1.2.0"
  resolved "https://registry.yarnpkg.com/create-hash/-/create-hash-1.2.0.tgz#889078af11a63756bcfb59bd221996be3a9ef196"
  integrity sha512-z00bCGNHDG8mHAkP7CtT1qVu+bFQUPjYq/4Iv3C3kWjTFV10zIjfSoeqXo9Asws8gwSHDGj/hl2u4OGIjapeCg==
  dependencies:
    cipher-base "^1.0.1"
    inherits "^2.0.1"
    md5.js "^1.3.4"
    ripemd160 "^2.0.1"
    sha.js "^2.4.0"

create-hmac@^1.1.3, create-hmac@^1.1.4:
  version "1.1.7"
  resolved "https://registry.yarnpkg.com/create-hmac/-/create-hmac-1.1.7.tgz#69170c78b3ab957147b2b8b04572e47ead2243ff"
  integrity sha512-MJG9liiZ+ogc4TzUwuvbER1JRdgvUFSB5+VR/g5h82fGaIRWMWddtKBHi7/sVhfjQZ6SehlyhvQYrcYkaUIpLg==
  dependencies:
    cipher-base "^1.0.3"
    create-hash "^1.1.0"
    inherits "^2.0.1"
    ripemd160 "^2.0.0"
    safe-buffer "^5.0.1"
    sha.js "^2.4.8"

debug@~3.1.0:
  version "3.1.0"
  resolved "https://registry.yarnpkg.com/debug/-/debug-3.1.0.tgz#5bb5a0672628b64149566ba16819e61518c67261"
  integrity sha512-OX8XqP7/1a9cqkxYw2yXss15f26NKWBpDXQd0/uK/KPqdQhxbPa994hnzjcE2VqQpDslf55723cKPUOGSmMY3g==
  dependencies:
    ms "2.0.0"

drbg.js@^1.0.1:
  version "1.0.1"
  resolved "https://registry.yarnpkg.com/drbg.js/-/drbg.js-1.0.1.tgz#3e36b6c42b37043823cdbc332d58f31e2445480b"
  integrity sha1-Pja2xCs3BDgjzbwzLVjzHiRFSAs=
  dependencies:
    browserify-aes "^1.0.6"
    create-hash "^1.1.2"
    create-hmac "^1.1.4"

duplexify@^3.2.0:
  version "3.7.1"
  resolved "https://registry.yarnpkg.com/duplexify/-/duplexify-3.7.1.tgz#2a4df5317f6ccfd91f86d6fd25d8d8a103b88309"
  integrity sha512-07z8uv2wMyS51kKhD1KsdXJg5WQ6t93RneqRxUHnskXVtlYYkLqM0gqStQZ3pj073g687jPCHrqNfCzawLYh5g==
  dependencies:
    end-of-stream "^1.0.0"
    inherits "^2.0.1"
    readable-stream "^2.0.0"
    stream-shift "^1.0.0"

ecurve@^1.0.0:
  version "1.0.6"
  resolved "https://registry.yarnpkg.com/ecurve/-/ecurve-1.0.6.tgz#dfdabbb7149f8d8b78816be5a7d5b83fcf6de797"
  integrity sha512-/BzEjNfiSuB7jIWKcS/z8FK9jNjmEWvUV2YZ4RLSmcDtP7Lq0m6FvDuSnJpBlDpGRpfRQeTLGLBI8H+kEv0r+w==
  dependencies:
    bigi "^1.1.0"
    safe-buffer "^5.0.1"

elliptic@^6.5.2:
  version "6.5.4"
  resolved "https://registry.yarnpkg.com/elliptic/-/elliptic-6.5.4.tgz#da37cebd31e79a1367e941b592ed1fbebd58abbb"
  integrity sha512-iLhC6ULemrljPZb+QutR5TQGB+pdW6KGD5RSegS+8sorOZT+rdQFbsQFJgvN3eRqNALqJer4oQ16YvJHlU8hzQ==
  dependencies:
    bn.js "^4.11.9"
    brorand "^1.1.0"
    hash.js "^1.0.0"
    hmac-drbg "^1.0.1"
    inherits "^2.0.4"
    minimalistic-assert "^1.0.1"
    minimalistic-crypto-utils "^1.0.1"

end-of-stream@^1.0.0:
  version "1.4.4"
  resolved "https://registry.yarnpkg.com/end-of-stream/-/end-of-stream-1.4.4.tgz#5ae64a5f45057baf3626ec14da0ca5e4b2431eb0"
  integrity sha512-+uw1inIHVPQoaVuHzRyXd21icM+cnt4CzD5rW+NC1wjOUSTOs+Te7FOv7AhN7vS9x/oIyhLP5PR1H+phQAHu5Q==
  dependencies:
    once "^1.4.0"

envify@^4.1.0:
  version "4.1.0"
  resolved "https://registry.yarnpkg.com/envify/-/envify-4.1.0.tgz#f39ad3db9d6801b4e6b478b61028d3f0b6819f7e"
  integrity sha512-IKRVVoAYr4pIx4yIWNsz9mOsboxlNXiu7TNBnem/K/uTHdkyzXWDzHCK7UTolqBbgaBz0tQHsD3YNls0uIIjiw==
  dependencies:
    esprima "^4.0.0"
    through "~2.3.4"

esprima@^4.0.0:
  version "4.0.1"
  resolved "https://registry.yarnpkg.com/esprima/-/esprima-4.0.1.tgz#13b04cdb3e6c5d19df91ab6987a8695619b0aa71"
  integrity sha512-eGuFFw7Upda+g4p+QHvnW0RyTX/SVeJBDM/gCtMARO0cLuT2HcEKnTPvhjV6aGeqrCB/sbNop0Kszm0jsaWU4A==

event-cleanup@^1.0.3:
  version "1.0.3"
  resolved "https://registry.yarnpkg.com/event-cleanup/-/event-cleanup-1.0.3.tgz#3624ea653aa3e19fb73a9633965f05af36a64cd6"
  integrity sha1-NiTqZTqj4Z+3OpYzll8FrzamTNY=
  dependencies:
    old "^0.1.2"

evp_bytestokey@^1.0.3:
  version "1.0.3"
  resolved "https://registry.yarnpkg.com/evp_bytestokey/-/evp_bytestokey-1.0.3.tgz#7fcbdb198dc71959432efe13842684e0525acb02"
  integrity sha512-/f2Go4TognH/KvCISP7OUsHn85hT9nUkxxA9BEWxFn+Oj9o8ZNLm/40hdlgSLyuOimsrTKLUMEorQexp/aPQeA==
  dependencies:
    md5.js "^1.3.4"
    safe-buffer "^5.1.1"

file-uri-to-path@1.0.0:
  version "1.0.0"
  resolved "https://registry.yarnpkg.com/file-uri-to-path/-/file-uri-to-path-1.0.0.tgz#553a7b8446ff6f684359c445f1e37a05dacc33dd"
  integrity sha512-0Zt+s3L7Vf1biwWZ29aARiVYLx7iMGnEUl9x33fbB/j3jR81u/O2LbqK+Bm1CDSNDKVtJ/YjwY7TUd5SkeLQLw==

follow-redirects@^1.14.0:
  version "1.14.3"
  resolved "https://registry.yarnpkg.com/follow-redirects/-/follow-redirects-1.14.3.tgz#6ada78118d8d24caee595595accdc0ac6abd022e"
  integrity sha512-3MkHxknWMUtb23apkgz/83fDoe+y+qr0TdgacGIA7bew+QLBo3vdgEN2xEsuXNivpFy4CyDhBBZnNZOtalmenw==

get-browser-rtc@^1.0.2:
  version "1.1.0"
  resolved "https://registry.yarnpkg.com/get-browser-rtc/-/get-browser-rtc-1.1.0.tgz#d1494e299b00f33fc8e9d6d3343ba4ba99711a2c"
  integrity sha512-MghbMJ61EJrRsDe7w1Bvqt3ZsBuqhce5nrn/XAwgwOXhcsz53/ltdxOse1h/8eKXj5slzxdsz56g5rzOFSGwfQ==

hash-base@^3.0.0:
  version "3.1.0"
  resolved "https://registry.yarnpkg.com/hash-base/-/hash-base-3.1.0.tgz#55c381d9e06e1d2997a883b4a3fddfe7f0d3af33"
  integrity sha512-1nmYp/rhMDiE7AYkDw+lLwlAzz0AntGIe51F3RfFfEqyQ3feY2eI/NcwC6umIQVOASPMsWJLJScWKSSvzL9IVA==
  dependencies:
    inherits "^2.0.4"
    readable-stream "^3.6.0"
    safe-buffer "^5.2.0"

hash.js@^1.0.0, hash.js@^1.0.3:
  version "1.1.7"
  resolved "https://registry.yarnpkg.com/hash.js/-/hash.js-1.1.7.tgz#0babca538e8d4ee4a0f8988d68866537a003cf42"
  integrity sha512-taOaskGt4z4SOANNseOviYDvjEJinIkRgmp7LbKP2YTTmVxWBl87s/uzK9r+44BclBSp2X7K1hqeNfz9JbBeXA==
  dependencies:
    inherits "^2.0.3"
    minimalistic-assert "^1.0.1"

hmac-drbg@^1.0.1:
  version "1.0.1"
  resolved "https://registry.yarnpkg.com/hmac-drbg/-/hmac-drbg-1.0.1.tgz#d2745701025a6c775a6c545793ed502fc0c649a1"
  integrity sha1-0nRXAQJabHdabFRXk+1QL8DGSaE=
  dependencies:
    hash.js "^1.0.3"
    minimalistic-assert "^1.0.0"
    minimalistic-crypto-utils "^1.0.1"

inherits@^2.0.1, inherits@^2.0.3, inherits@^2.0.4, inherits@~2.0.3:
  version "2.0.4"
  resolved "https://registry.yarnpkg.com/inherits/-/inherits-2.0.4.tgz#0fa2c64f932917c3433a0ded55363aae37416b7c"
  integrity sha512-k/vGaX4/Yla3WzyMCvTQOXYeIHvqOKtnqBduzTHpzpQZzAskKMhZ2K+EnBiSM9zGSoIFeMpXKxa4dYeZIQqewQ==

int53@^0.2.4:
  version "0.2.4"
  resolved "https://registry.yarnpkg.com/int53/-/int53-0.2.4.tgz#5ed8d7aad6c5c6567cae69aa7ffc4a109ee80f86"
  integrity sha1-XtjXqtbFxlZ8rmmqf/xKEJ7oD4Y=

ip@^1.1.0:
  version "1.1.5"
  resolved "https://registry.yarnpkg.com/ip/-/ip-1.1.5.tgz#bdded70114290828c0a039e72ef25f5aaec4354a"
  integrity sha1-vd7XARQpCCjAoDnnLvJfWq7ENUo=

isarray@~1.0.0:
  version "1.0.0"
  resolved "https://registry.yarnpkg.com/isarray/-/isarray-1.0.0.tgz#bb935d48582cba168c06834957a54a3e07124f11"
  integrity sha1-u5NdSFgsuhaMBoNJV6VKPgcSTxE=

md5.js@^1.3.4:
  version "1.3.5"
  resolved "https://registry.yarnpkg.com/md5.js/-/md5.js-1.3.5.tgz#b5d07b8e3216e3e27cd728d72f70d1e6a342005f"
  integrity sha512-xitP+WxNPcTTOgnTJcrhM0xvdPepipPSf3I8EIpGKeFLjt3PlJLIDG3u8EX53ZIubkb+5U2+3rELYpEhHhzdkg==
  dependencies:
    hash-base "^3.0.0"
    inherits "^2.0.1"
    safe-buffer "^5.1.2"

merkle-lib@^2.0.10:
  version "2.0.10"
  resolved "https://registry.yarnpkg.com/merkle-lib/-/merkle-lib-2.0.10.tgz#82b8dbae75e27a7785388b73f9d7725d0f6f3326"
  integrity sha1-grjbrnXieneFOItz+ddyXQ9vMyY=

minimalistic-assert@^1.0.0, minimalistic-assert@^1.0.1:
  version "1.0.1"
  resolved "https://registry.yarnpkg.com/minimalistic-assert/-/minimalistic-assert-1.0.1.tgz#2e194de044626d4a10e7f7fbc00ce73e83e4d5c7"
  integrity sha512-UtJcAD4yEaGtjPezWuO9wC4nwUnVH/8/Im3yEHQP4b67cXlD/Qr9hdITCU1xDbSEXg2XKNaP8jsReV7vQd00/A==

minimalistic-crypto-utils@^1.0.1:
  version "1.0.1"
  resolved "https://registry.yarnpkg.com/minimalistic-crypto-utils/-/minimalistic-crypto-utils-1.0.1.tgz#f6c00c1c0b082246e5c4d99dfb8c7c083b2b582a"
  integrity sha1-9sAMHAsIIkblxNmd+4x8CDsrWCo=

ms@2.0.0:
  version "2.0.0"
  resolved "https://registry.yarnpkg.com/ms/-/ms-2.0.0.tgz#5608aeadfc00be6c2901df5f9861788de0d597c8"
  integrity sha1-VgiurfwAvmwpAd9fmGF4jeDVl8g=

nan@^2.14.0:
  version "2.15.0"
  resolved "https://registry.yarnpkg.com/nan/-/nan-2.15.0.tgz#3f34a473ff18e15c1b5626b62903b5ad6e665fee"
  integrity sha512-8ZtvEnA2c5aYCZYd1cvgdnU6cqwixRoYg70xPLWUws5ORTa/lnw+u4amixRS/Ac5U5mQVgp9pnlSUnbNWFaWZQ==

nanoassert@^1.0.0:
  version "1.1.0"
  resolved "https://registry.yarnpkg.com/nanoassert/-/nanoassert-1.1.0.tgz#4f3152e09540fde28c76f44b19bbcd1d5a42478d"
  integrity sha1-TzFS4JVA/eKMdvRLGbvNHVpCR40=

node-gyp-build@^4.2.0:
  version "4.2.3"
  resolved "https://registry.yarnpkg.com/node-gyp-build/-/node-gyp-build-4.2.3.tgz#ce6277f853835f718829efb47db20f3e4d9c4739"
  integrity sha512-MN6ZpzmfNCRM+3t57PTJHgHyw/h4OWnZ6mR8P5j/uZtqQr46RRuDE/P+g3n0YR/AiYXeWixZZzaip77gdICfRg==

object-assign@^4.1.0:
  version "4.1.1"
  resolved "https://registry.yarnpkg.com/object-assign/-/object-assign-4.1.1.tgz#2109adc7965887cfc05cbbd442cac8bfbb360863"
  integrity sha1-IQmtx5ZYh8/AXLvUQsrIv7s2CGM=

old@^0.1.2, old@^0.1.3:
  version "0.1.3"
  resolved "https://registry.yarnpkg.com/old/-/old-0.1.3.tgz#5824d99ffc4ec6e8c52b3f3ce955a17a5f814ad1"
  integrity sha1-WCTZn/xOxujFKz886VWhel+BStE=
  dependencies:
    object-assign "^4.1.0"

once@^1.3.3, once@^1.4.0:
  version "1.4.0"
  resolved "https://registry.yarnpkg.com/once/-/once-1.4.0.tgz#583b1aa775961d4b113ac17d9c50baef9dd76bd1"
  integrity sha1-WDsap3WWHUsROsF9nFC6753Xa9E=
  dependencies:
    wrappy "1"

options@>=0.0.5:
  version "0.0.6"
  resolved "https://registry.yarnpkg.com/options/-/options-0.0.6.tgz#ec22d312806bb53e731773e7cdaefcf1c643128f"
  integrity sha1-7CLTEoBrtT5zF3Pnza788cZDEo8=

pbkdf2@^3.0.9:
  version "3.1.2"
  resolved "https://registry.yarnpkg.com/pbkdf2/-/pbkdf2-3.1.2.tgz#dd822aa0887580e52f1a039dc3eda108efae3075"
  integrity sha512-iuh7L6jA7JEGu2WxDwtQP1ddOpaJNC4KlDEFfdQajSGgGPNi4OyDc2R7QnbY2bR9QjBVGwgvTdNJZoE7RaxUMA==
  dependencies:
    create-hash "^1.1.2"
    create-hmac "^1.1.4"
    ripemd160 "^2.0.1"
    safe-buffer "^5.0.1"
    sha.js "^2.4.8"

process-nextick-args@~2.0.0:
  version "2.0.1"
  resolved "https://registry.yarnpkg.com/process-nextick-args/-/process-nextick-args-2.0.1.tgz#7820d9b16120cc55ca9ae7792680ae7dba6d7fe2"
  integrity sha512-3ouUOpQhtgrbOa17J7+uxOTpITYWaGP7/AhoR3+A+/1e9skrzelGi/dXzEYyvbxubEF6Wn2ypscTKiKJFFn1ag==

pushdata-bitcoin@^1.0.1:
  version "1.0.1"
  resolved "https://registry.yarnpkg.com/pushdata-bitcoin/-/pushdata-bitcoin-1.0.1.tgz#15931d3cd967ade52206f523aa7331aef7d43af7"
  integrity sha1-FZMdPNlnreUiBvUjqnMxrvfUOvc=
  dependencies:
    bitcoin-ops "^1.3.0"

randombytes@^2.0.1:
  version "2.1.0"
  resolved "https://registry.yarnpkg.com/randombytes/-/randombytes-2.1.0.tgz#df6f84372f0270dc65cdf6291349ab7a473d4f2a"
  integrity sha512-vYl3iOX+4CKUWuxGi9Ukhie6fsqXqS9FE2Zaic4tNFD2N2QQaXOMFbuKK4QmDHC0JO6B1Zp41J0LpT0oR68amQ==
  dependencies:
    safe-buffer "^5.1.0"

readable-stream@^2.0.0, readable-stream@^2.3.5, readable-stream@~2.3.6:
  version "2.3.7"
  resolved "https://registry.yarnpkg.com/readable-stream/-/readable-stream-2.3.7.tgz#1eca1cf711aef814c04f62252a36a62f6cb23b57"
  integrity sha512-Ebho8K4jIbHAxnuxi7o42OrZgF/ZTNcsZj6nRKyUmkhLFq8CHItp/fy6hQZuZmP/n3yZ9VBUbp4zz/mX8hmYPw==
  dependencies:
    core-util-is "~1.0.0"
    inherits "~2.0.3"
    isarray "~1.0.0"
    process-nextick-args "~2.0.0"
    safe-buffer "~5.1.1"
    string_decoder "~1.1.1"
    util-deprecate "~1.0.1"

readable-stream@^3.6.0:
  version "3.6.0"
  resolved "https://registry.yarnpkg.com/readable-stream/-/readable-stream-3.6.0.tgz#337bbda3adc0706bd3e024426a286d4b4b2c9198"
  integrity sha512-BViHy7LKeTz4oNnkcLJ+lVSL6vpiFeX6/d3oSH8zCW7UxP2onchk+vTGB143xuFjHS3deTgkKoXXymXqymiIdA==
  dependencies:
    inherits "^2.0.3"
    string_decoder "^1.1.1"
    util-deprecate "^1.0.1"

ripemd160@^2.0.0, ripemd160@^2.0.1:
  version "2.0.2"
  resolved "https://registry.yarnpkg.com/ripemd160/-/ripemd160-2.0.2.tgz#a1c1a6f624751577ba5d07914cbc92850585890c"
  integrity sha512-ii4iagi25WusVoiC4B4lq7pbXfAp3D9v5CwfkY33vffw2+pkDjY1D8GaN7spsxvCSx8dkPqOZCEZyfxcmJG2IA==
  dependencies:
    hash-base "^3.0.0"
    inherits "^2.0.1"

safe-buffer@^5.0.1, safe-buffer@^5.1.0, safe-buffer@^5.1.1, safe-buffer@^5.1.2, safe-buffer@^5.2.0, safe-buffer@^5.2.1, safe-buffer@~5.2.0:
  version "5.2.1"
  resolved "https://registry.yarnpkg.com/safe-buffer/-/safe-buffer-5.2.1.tgz#1eaf9fa9bdb1fdd4ec75f58f9cdb4e6b7827eec6"
  integrity sha512-rp3So07KcdmmKbGvgaNxQSJr7bGVSVk5S9Eq1F+ppbRo70+YeaDxkw5Dd8NPN+GD6bjnYm2VuPuCXmpuYvmCXQ==

safe-buffer@~5.1.0, safe-buffer@~5.1.1:
  version "5.1.2"
  resolved "https://registry.yarnpkg.com/safe-buffer/-/safe-buffer-5.1.2.tgz#991ec69d296e0313747d59bdfd2b745c35f8828d"
  integrity sha512-Gd2UZBJDkXlY7GbJxfsE8/nvKkUEU1G38c1siN6QP6a9PT9MmHB8GnpscSmMJSoF8LOIrt8ud/wPtojys4G6+g==

satoshi-bitcoin@1.0.5:
  version "1.0.5"
  resolved "https://registry.yarnpkg.com/satoshi-bitcoin/-/satoshi-bitcoin-1.0.5.tgz#d2a2b12dd904715e4ca17e17493ffff75ce2af72"
  integrity sha512-iCUOSe8yTOqetYcj/n4ziv0psqRMRZT4+YhcMrQIYpjnx3Pgn9uiTlaUItNMMB/0sldINEGkJvxwTW55OfrYPg==
  dependencies:
    big.js "^3.1.3"

secp256k1@^3.5.2:
  version "3.8.0"
  resolved "https://registry.yarnpkg.com/secp256k1/-/secp256k1-3.8.0.tgz#28f59f4b01dbee9575f56a47034b7d2e3b3b352d"
  integrity sha512-k5ke5avRZbtl9Tqx/SA7CbY3NF6Ro+Sj9cZxezFzuBlLDmyqPiL8hJJ+EmzD8Ig4LUDByHJ3/iPOVoRixs/hmw==
  dependencies:
    bindings "^1.5.0"
    bip66 "^1.1.5"
    bn.js "^4.11.8"
    create-hash "^1.2.0"
    drbg.js "^1.0.1"
    elliptic "^6.5.2"
    nan "^2.14.0"
    safe-buffer "^5.1.2"

setimmediate@^1.0.4:
  version "1.0.5"
  resolved "https://registry.yarnpkg.com/setimmediate/-/setimmediate-1.0.5.tgz#290cbb232e306942d7d7ea9b83732ab7856f8285"
  integrity sha1-KQy7Iy4waULX1+qbg3Mqt4VvgoU=

sha.js@2.4.11, sha.js@^2.4.0, sha.js@^2.4.8:
  version "2.4.11"
  resolved "https://registry.yarnpkg.com/sha.js/-/sha.js-2.4.11.tgz#37a5cf0b81ecbc6943de109ba2960d1b26584ae7"
  integrity sha512-QMEp5B7cftE7APOjk5Y6xgrbWu+WkLVQwk8JNjZ8nKRciZaByEW6MubieAiToS7+dwvrjGhH8jRXz3MVd0AYqQ==
  dependencies:
    inherits "^2.0.1"
    safe-buffer "^5.0.1"

stream-shift@^1.0.0:
  version "1.0.1"
  resolved "https://registry.yarnpkg.com/stream-shift/-/stream-shift-1.0.1.tgz#d7088281559ab2778424279b0877da3c392d5a3d"
  integrity sha512-AiisoFqQ0vbGcZgQPY1cdP2I76glaVA/RauYR4G4thNFgkTqr90yXTo4LYX60Jl+sIlPNHHdGSwo01AvbKUSVQ==

string_decoder@^1.1.1:
  version "1.3.0"
  resolved "https://registry.yarnpkg.com/string_decoder/-/string_decoder-1.3.0.tgz#42f114594a46cf1a8e30b0a84f56c78c3edac21e"
  integrity sha512-hkRX8U1WjJFd8LsDJ2yQ/wWWxaopEsABU1XfkM8A+j0+85JAGppt16cr1Whg6KIbb4okU6Mql6BOj+uup/wKeA==
  dependencies:
    safe-buffer "~5.2.0"

string_decoder@~1.1.1:
  version "1.1.1"
  resolved "https://registry.yarnpkg.com/string_decoder/-/string_decoder-1.1.1.tgz#9cf1611ba62685d7030ae9e4ba34149c3af03fc8"
  integrity sha512-n/ShnvDi6FHbbVfviro+WojiFzv+s8MPMHBczVePfUpDJLwoLT0ht1l4YwBCbi8pJAveEEdnkHyPyTP/mzRfwg==
  dependencies:
    safe-buffer "~5.1.0"

through2@^2.0.0, through2@^2.0.1:
  version "2.0.5"
  resolved "https://registry.yarnpkg.com/through2/-/through2-2.0.5.tgz#01c1e39eb31d07cb7d03a96a70823260b23132cd"
  integrity sha512-/mrRod8xqpA+IHSLyGCQ2s8SPHiCDEeQJSep1jqLYeEUClOFG2Qsh+4FU6G9VeqpZnGW/Su8LQGc4YKni5rYSQ==
  dependencies:
    readable-stream "~2.3.6"
    xtend "~4.0.1"

through@~2.3.4:
  version "2.3.8"
  resolved "https://registry.yarnpkg.com/through/-/through-2.3.8.tgz#0dd4c9ffaabc357960b1b724115d7e0e86a2e1f5"
  integrity sha1-DdTJ/6q8NXlgsbckEV1+Doai4fU=

typeforce@^1.11.3:
  version "1.18.0"
  resolved "https://registry.yarnpkg.com/typeforce/-/typeforce-1.18.0.tgz#d7416a2c5845e085034d70fcc5b6cc4a90edbfdc"
  integrity sha512-7uc1O8h1M1g0rArakJdf0uLRSSgFcYexrVoKo+bzJd32gd4gDy2L/Z+8/FjPnU9ydY3pEnVPtr9FyscYY60K1g==

ultron@1.0.x:
  version "1.0.2"
  resolved "https://registry.yarnpkg.com/ultron/-/ultron-1.0.2.tgz#ace116ab557cd197386a4e88f4685378c8b2e4fa"
  integrity sha1-rOEWq1V80Zc4ak6I9GhTeMiy5Po=

unorm@^1.3.3:
  version "1.6.0"
  resolved "https://registry.yarnpkg.com/unorm/-/unorm-1.6.0.tgz#029b289661fba714f1a9af439eb51d9b16c205af"
  integrity sha512-b2/KCUlYZUeA7JFUuRJZPUtr4gZvBh7tavtv4fvk4+KV9pfGiR6CQAQAWl49ZpR3ts2dk4FYkP7EIgDJoiOLDA==

utf-8-validate@^5.0.5:
  version "5.0.5"
  resolved "https://registry.yarnpkg.com/utf-8-validate/-/utf-8-validate-5.0.5.tgz#dd32c2e82c72002dc9f02eb67ba6761f43456ca1"
  integrity sha512-+pnxRYsS/axEpkrrEpzYfNZGXp0IjC/9RIxwM5gntY4Koi8SHmUGSfxfWqxZdRxrtaoVstuOzUp/rbs3JSPELQ==
  dependencies:
    node-gyp-build "^4.2.0"

util-deprecate@^1.0.1, util-deprecate@~1.0.1:
  version "1.0.2"
  resolved "https://registry.yarnpkg.com/util-deprecate/-/util-deprecate-1.0.2.tgz#450d4dc9fa70de732762fbd2d4a28981419a0ccf"
  integrity sha1-RQ1Nyfpw3nMnYvvS1KKJgUGaDM8=

varstruct@^5.2.0:
  version "5.3.0"
  resolved "https://registry.yarnpkg.com/varstruct/-/varstruct-5.3.0.tgz#d51b53e20316d0afddb54cf7cade894e628f1cb5"
  integrity sha1-1RtT4gMW0K/dtUz3yt6JTmKPHLU=
  dependencies:
    int53 "^0.2.4"

varuint-bitcoin@^1.0.1, varuint-bitcoin@^1.0.4:
  version "1.1.2"
  resolved "https://registry.yarnpkg.com/varuint-bitcoin/-/varuint-bitcoin-1.1.2.tgz#e76c138249d06138b480d4c5b40ef53693e24e92"
  integrity sha512-4EVb+w4rx+YfVM32HQX42AbbT7/1f5zwAYhIujKXKk8NQK+JfRVl3pqT3hjNn/L+RstigmGGKVwHA/P0wgITZw==
  dependencies:
    safe-buffer "^5.1.1"

webassembly@0.9.0:
  version "0.9.0"
  resolved "https://registry.yarnpkg.com/webassembly/-/webassembly-0.9.0.tgz#eb038cf831499e59a6c988dde17bdb63914c1bbe"
  integrity sha1-6wOM+DFJnlmmyYjd4XvbY5FMG74=

websocket-stream@^3.3.0:
  version "3.3.3"
  resolved "https://registry.yarnpkg.com/websocket-stream/-/websocket-stream-3.3.3.tgz#361da5404a337e60cfbc29b4a46368762679df0b"
  integrity sha1-Nh2lQEozfmDPvCm0pGNodiZ53ws=
  dependencies:
    duplexify "^3.2.0"
    inherits "^2.0.1"
    through2 "^2.0.0"
    ws "^1.0.1"
    xtend "^4.0.0"

wif@^2.0.1:
  version "2.0.6"
  resolved "https://registry.yarnpkg.com/wif/-/wif-2.0.6.tgz#08d3f52056c66679299726fade0d432ae74b4704"
  integrity sha1-CNP1IFbGZnkplyb63g1DKudLRwQ=
  dependencies:
    bs58check "<3.0.0"

wrappy@1:
  version "1.0.2"
  resolved "https://registry.yarnpkg.com/wrappy/-/wrappy-1.0.2.tgz#b5243d8f3ec1aa35f1364605bc0d1036e30ab69f"
  integrity sha1-tSQ9jz7BqjXxNkYFvA0QNuMKtp8=

ws@^1.0.1:
  version "1.1.5"
  resolved "https://registry.yarnpkg.com/ws/-/ws-1.1.5.tgz#cbd9e6e75e09fc5d2c90015f21f0c40875e0dd51"
  integrity sha512-o3KqipXNUdS7wpQzBHSe180lBGO60SoK0yVo3CYJgb2MkobuWuBX6dhkYP5ORCLd55y+SaflMOV5fqAB53ux4w==
  dependencies:
    options ">=0.0.5"
    ultron "1.0.x"

xtend@^4.0.0, xtend@~4.0.1:
  version "4.0.2"
  resolved "https://registry.yarnpkg.com/xtend/-/xtend-4.0.2.tgz#bb72779f5fa465186b1f438f674fa347fdb5db54"
  integrity sha512-LKYU1iAXJXUgAXn9URjiu+MWhyUXHsvfp7mcuYm9dSUKK0/CjtrUwFAxD82/mCWbtLsGjFIad0wIsod4zrTAEQ==
